
Microsoft Visual Studio Solution File, Format Version 12.00
# Visual Studio Version 16
VisualStudioVersion = 16.0.35229.62
MinimumVisualStudioVersion = 10.0.40219.1
Project("{FAE04EC0-301F-11D3-BF4B-00C04F79EFBC}") = "WebApplication4", "WebApplication4.csproj", "{029B1BE1-F48E-4BF6-A15E-94993A5E8C4C}"
EndProject
Global
	GlobalSection(SolutionConfigurationPlatforms) = preSolution
		Debug|Any CPU = Debug|Any CPU
		Release|Any CPU = Release|Any CPU
	EndGlobalSection
	GlobalSection(ProjectConfigurationPlatforms) = postSolution
		{029B1BE1-F48E-4BF6-A15E-94993A5E8C4C}.Debug|Any CPU.ActiveCfg = Debug|Any CPU
		{029B1BE1-F48E-4BF6-A15E-94993A5E8C4C}.Debug|Any CPU.Build.0 = Debug|Any CPU
		{029B1BE1-F48E-4BF6-A15E-94993A5E8C4C}.Release|Any CPU.ActiveCfg = Release|Any CPU
		{029B1BE1-F48E-4BF6-A15E-94993A5E8C4C}.Release|Any CPU.Build.0 = Release|Any CPU
	EndGlobalSection
	GlobalSection(SolutionProperties) = preSolution
		HideSolutionNode = FALSE
	EndGlobalSection
	GlobalSection(ExtensibilityGlobals) = postSolution
		SolutionGuid = {E74209DA-7FFC-4B3F-BC30-D4AB337C1808}
	EndGlobalSection
EndGlobal
